// !$*UTF8*$!
{
	archiveVersion = 1;
	classes = {
	};
	objectVersion = 48;
	objects = {

/* Begin PBXBuildFile section */
		9BAA94091F7BDEE1001FEE61 /* AppDelegate.swift in Sources */ = {isa = PBXBuildFile; fileRef = 9BAA94081F7BDEE1001FEE61 /* AppDelegate.swift */; };
		9BAA940B1F7BDEE1001FEE61 /* ViewController.swift in Sources */ = {isa = PBXBuildFile; fileRef = 9BAA940A1F7BDEE1001FEE61 /* ViewController.swift */; };
		9BAA940E1F7BDEE1001FEE61 /* Main.storyboard in Resources */ = {isa = PBXBuildFile; fileRef = 9BAA940C1F7BDEE1001FEE61 /* Main.storyboard */; };
		9BAA94111F7BDEE1001FEE61 /* FantastiCal.xcdatamodeld in Sources */ = {isa = PBXBuildFile; fileRef = 9BAA940F1F7BDEE1001FEE61 /* FantastiCal.xcdatamodeld */; };
		9BAA94131F7BDEE1001FEE61 /* Assets.xcassets in Resources */ = {isa = PBXBuildFile; fileRef = 9BAA94121F7BDEE1001FEE61 /* Assets.xcassets */; };
		9BAA94161F7BDEE1001FEE61 /* LaunchScreen.storyboard in Resources */ = {isa = PBXBuildFile; fileRef = 9BAA94141F7BDEE1001FEE61 /* LaunchScreen.storyboard */; };
/* End PBXBuildFile section */

/* Begin PBXFileReference section */
		9BAA94051F7BDEE1001FEE61 /* FantastiCal.app */ = {isa = PBXFileReference; explicitFileType = wrapper.application; includeInIndex = 0; path = FantastiCal.app; sourceTree = BUILT_PRODUCTS_DIR; };
		9BAA94081F7BDEE1001FEE61 /* AppDelegate.swift */ = {isa = PBXFileReference; lastKnownFileType = sourcecode.swift; path = AppDelegate.swift; sourceTree = "<group>"; };
		9BAA940A1F7BDEE1001FEE61 /* ViewController.swift */ = {isa = PBXFileReference; lastKnownFileType = sourcecode.swift; path = ViewController.swift; sourceTree = "<group>"; };
		9BAA940D1F7BDEE1001FEE61 /* Base */ = {isa = PBXFileReference; lastKnownFileType = file.storyboard; name = Base; path = Base.lproj/Main.storyboard; sourceTree = "<group>"; };
		9BAA94101F7BDEE1001FEE61 /* FantastiCal.xcdatamodel */ = {isa = PBXFileReference; lastKnownFileType = wrapper.xcdatamodel; path = FantastiCal.xcdatamodel; sourceTree = "<group>"; };
		9BAA94121F7BDEE1001FEE61 /* Assets.xcassets */ = {isa = PBXFileReference; lastKnownFileType = folder.assetcatalog; path = Assets.xcassets; sourceTree = "<group>"; };
		9BAA94151F7BDEE1001FEE61 /* Base */ = {isa = PBXFileReference; lastKnownFileType = file.storyboard; name = Base; path = Base.lproj/LaunchScreen.storyboard; sourceTree = "<group>"; };
		9BAA94171F7BDEE1001FEE61 /* Info.plist */ = {isa = PBXFileReference; lastKnownFileType = text.plist.xml; path = Info.plist; sourceTree = "<group>"; };
/* End PBXFileReference section */

/* Begin PBXFrameworksBuildPhase section */
		9BAA94021F7BDEE1001FEE61 /* Frameworks */ = {
			isa = PBXFrameworksBuildPhase;
			buildActionMask = 2147483647;
			files = (
			);
			runOnlyForDeploymentPostprocessing = 0;
		};
/* End PBXFrameworksBuildPhase section */

/* Begin PBXGroup section */
		9BAA93FC1F7BDEE1001FEE61 = {
			isa = PBXGroup;
			children = (
				9BAA94071F7BDEE1001FEE61 /* FantastiCal */,
				9BAA94061F7BDEE1001FEE61 /* Products */,
			);
			sourceTree = "<group>";
		};
		9BAA94061F7BDEE1001FEE61 /* Products */ = {
			isa = PBXGroup;
			children = (
				9BAA94051F7BDEE1001FEE61 /* FantastiCal.app */,
			);
			name = Products;
			sourceTree = "<group>";
		};
		9BAA94071F7BDEE1001FEE61 /* FantastiCal */ = {
			isa = PBXGroup;
			children = (
				9BAA94081F7BDEE1001FEE61 /* AppDelegate.swift */,
				9BAA940A1F7BDEE1001FEE61 /* ViewController.swift */,
				9BAA940C1F7BDEE1001FEE61 /* Main.storyboard */,
				9BAA94121F7BDEE1001FEE61 /* Assets.xcassets */,
				9BAA94141F7BDEE1001FEE61 /* LaunchScreen.storyboard */,
				9BAA94171F7BDEE1001FEE61 /* Info.plist */,
				9BAA940F1F7BDEE1001FEE61 /* FantastiCal.xcdatamodeld */,
			);
			path = FantastiCal;
			sourceTree = "<group>";
		};
/* End PBXGroup section */

/* Begin PBXNativeTarget section */
		9BAA94041F7BDEE1001FEE61 /* FantastiCal */ = {
			isa = PBXNativeTarget;
			buildConfigurationList = 9BAA941A1F7BDEE1001FEE61 /* Build configuration list for PBXNativeTarget "FantastiCal" */;
			buildPhases = (
				9BAA94011F7BDEE1001FEE61 /* Sources */,
				9BAA94021F7BDEE1001FEE61 /* Frameworks */,
				9BAA94031F7BDEE1001FEE61 /* Resources */,
			);
			buildRules = (
			);
			dependencies = (
			);
			name = FantastiCal;
			productName = FantastiCal;
			productReference = 9BAA94051F7BDEE1001FEE61 /* FantastiCal.app */;
			productType = "com.apple.product-type.application";
		};
/* End PBXNativeTarget section */

/* Begin PBXProject section */
		9BAA93FD1F7BDEE1001FEE61 /* Project object */ = {
			isa = PBXProject;
			attributes = {
				LastSwiftUpdateCheck = 0900;
				LastUpgradeCheck = 0900;
				ORGANIZATIONNAME = "Craunic Productions";
				TargetAttributes = {
					9BAA94041F7BDEE1001FEE61 = {
						CreatedOnToolsVersion = 9.0;
						ProvisioningStyle = Automatic;
					};
				};
			};
			buildConfigurationList = 9BAA94001F7BDEE1001FEE61 /* Build configuration list for PBXProject "FantastiCal" */;
			compatibilityVersion = "Xcode 8.0";
			developmentRegion = en;
			hasScannedForEncodings = 0;
			knownRegions = (
				en,
				Base,
			);
			mainGroup = 9BAA93FC1F7BDEE1001FEE61;
			productRefGroup = 9BAA94061F7BDEE1001FEE61 /* Products */;
			projectDirPath = "";
			projectRoot = "";
			targets = (
				9BAA94041F7BDEE1001FEE61 /* FantastiCal */,
			);
		};
/* End PBXProject section */

/* Begin PBXResourcesBuildPhase section */
		9BAA94031F7BDEE1001FEE61 /* Resources */ = {
			isa = PBXResourcesBuildPhase;
			buildActionMask = 2147483647;
			files = (
				9BAA94161F7BDEE1001FEE61 /* LaunchScreen.storyboard in Resources */,
				9BAA94131F7BDEE1001FEE61 /* Assets.xcassets in Resources */,
				9BAA940E1F7BDEE1001FEE61 /* Main.storyboard in Resources */,
			);
			runOnlyForDeploymentPostprocessing = 0;
		};
/* End PBXResourcesBuildPhase section */

/* Begin PBXSourcesBuildPhase section */
		9BAA94011F7BDEE1001FEE61 /* Sources */ = {
			isa = PBXSourcesBuildPhase;
			buildActionMask = 2147483647;
			files = (
				9BAA940B1F7BDEE1001FEE61 /* ViewController.swift in Sources */,
				9BAA94111F7BDEE1001FEE61 /* FantastiCal.xcdatamodeld in Sources */,
				9BAA94091F7BDEE1001FEE61 /* AppDelegate.swift in Sources */,
			);
			runOnlyForDeploymentPostprocessing = 0;
		};
/* End PBXSourcesBuildPhase section */

/* Begin PBXVariantGroup section */
		9BAA940C1F7BDEE1001FEE61 /* Main.storyboard */ = {
			isa = PBXVariantGroup;
			children = (
				9BAA940D1F7BDEE1001FEE61 /* Base */,
			);
			name = Main.storyboard;
			sourceTree = "<group>";
		};
		9BAA94141F7BDEE1001FEE61 /* LaunchScreen.storyboard */ = {
			isa = PBXVariantGroup;
			children = (
				9BAA94151F7BDEE1001FEE61 /* Base */,
			);
			name = LaunchScreen.storyboard;
			sourceTree = "<group>";
		};
/* End PBXVariantGroup section */

/* Begin XCBuildConfiguration section */
		9BAA94181F7BDEE1001FEE61 /* Debug */ = {
			isa = XCBuildConfiguration;
			buildSettings = {
				ALWAYS_SEARCH_USER_PATHS = NO;
				CLANG_ANALYZER_NONNULL = YES;
				CLANG_ANALYZER_NUMBER_OBJECT_CONVERSION = YES_AGGRESSIVE;
				CLANG_CXX_LANGUAGE_STANDARD = "gnu++14";
				CLANG_CXX_LIBRARY = "libc++";
				CLANG_ENABLE_MODULES = YES;
				CLANG_ENABLE_OBJC_ARC = YES;
				CLANG_WARN_BLOCK_CAPTURE_AUTORELEASING = YES;
				CLANG_WARN_BOOL_CONVERSION = YES;
				CLANG_WARN_COMMA = YES;
				CLANG_WARN_CONSTANT_CONVERSION = YES;
				CLANG_WARN_DIRECT_OBJC_ISA_USAGE = YES_ERROR;
				CLANG_WARN_DOCUMENTATION_COMMENTS = YES;
				CLANG_WARN_EMPTY_BODY = YES;
				CLANG_WARN_ENUM_CONVERSION = YES;
				CLANG_WARN_INFINITE_RECURSION = YES;
				CLANG_WARN_INT_CONVERSION = YES;
				CLANG_WARN_NON_LITERAL_NULL_CONVERSION = YES;
				CLANG_WARN_OBJC_LITERAL_CONVERSION = YES;
				CLANG_WARN_OBJC_ROOT_CLASS = YES_ERROR;
				CLANG_WARN_RANGE_LOOP_ANALYSIS = YES;
				CLANG_WARN_STRICT_PROTOTYPES = YES;
				CLANG_WARN_SUSPICIOUS_MOVE = YES;
				CLANG_WARN_UNGUARDED_AVAILABILITY = YES_AGGRESSIVE;
				CLANG_WARN_UNREACHABLE_CODE = YES;
				CLANG_WARN__DUPLICATE_METHOD_MATCH = YES;
				CODE_SIGN_IDENTITY = "iPhone Developer";
				COPY_PHASE_STRIP = NO;
				DEBUG_INFORMATION_FORMAT = dwarf;
				ENABLE_STRICT_OBJC_MSGSEND = YES;
				ENABLE_TESTABILITY = YES;
				GCC_C_LANGUAGE_STANDARD = gnu11;
				GCC_DYNAMIC_NO_PIC = NO;
				GCC_NO_COMMON_BLOCKS = YES;
				GCC_OPTIMIZATION_LEVEL = 0;
				GCC_PREPROCESSOR_DEFINITIONS = (
					"DEBUG=1",
					"$(inherited)",
				);
				GCC_WARN_64_TO_32_BIT_CONVERSION = YES;
				GCC_WARN_ABOUT_RETURN_TYPE = YES_ERROR;
				GCC_WARN_UNDECLARED_SELECTOR = YES;
				GCC_WARN_UNINITIALIZED_AUTOS = YES_AGGRESSIVE;
				GCC_WARN_UNUSED_FUNCTION = YES;
				GCC_WARN_UNUSED_VARIABLE = YES;
				IPHONEOS_DEPLOYMENT_TARGET = 11.0;
				MTL_ENABLE_DEBUG_INFO = YES;
				ONLY_ACTIVE_ARCH = YES;
				SDKROOT = iphoneos;
				SWIFT_ACTIVE_COMPILATION_CONDITIONS = DEBUG;
				SWIFT_OPTIMIZATION_LEVEL = "-Onone";
			};
			name = Debug;
		};
		9BAA94191F7BDEE1001FEE61 /* Release */ = {
			isa = XCBuildConfiguration;
			buildSettings = {
				ALWAYS_SEARCH_USER_PATHS = NO;
				CLANG_ANALYZER_NONNULL = YES;
				CLANG_ANALYZER_NUMBER_OBJECT_CONVERSION = YES_AGGRESSIVE;
				CLANG_CXX_LANGUAGE_STANDARD = "gnu++14";
				CLANG_CXX_LIBRARY = "libc++";
				CLANG_ENABLE_MODULES = YES;
				CLANG_ENABLE_OBJC_ARC = YES;
				CLANG_WARN_BLOCK_CAPTURE_AUTORELEASING = YES;
				CLANG_WARN_BOOL_CONVERSION = YES;
				CLANG_WARN_COMMA = YES;
				CLANG_WARN_CONSTANT_CONVERSION = YES;
				CLANG_WARN_DIRECT_OBJC_ISA_USAGE = YES_ERROR;
				CLANG_WARN_DOCUMENTATION_COMMENTS = YES;
				CLANG_WARN_EMPTY_BODY = YES;
				CLANG_WARN_ENUM_CONVERSION = YES;
				CLANG_WARN_INFINITE_RECURSION = YES;
				CLANG_WARN_INT_CONVERSION = YES;
				CLANG_WARN_NON_LITERAL_NULL_CONVERSION = YES;
				CLANG_WARN_OBJC_LITERAL_CONVERSION = YES;
				CLANG_WARN_OBJC_ROOT_CLASS = YES_ERROR;
				CLANG_WARN_RANGE_LOOP_ANALYSIS = YES;
				CLANG_WARN_STRICT_PROTOTYPES = YES;
				CLANG_WARN_SUSPICIOUS_MOVE = YES;
				CLANG_WARN_UNGUARDED_AVAILABILITY = YES_AGGRESSIVE;
				CLANG_WARN_UNREACHABLE_CODE = YES;
				CLANG_WARN__DUPLICATE_METHOD_MATCH = YES;
				CODE_SIGN_IDENTITY = "iPhone Developer";
				COPY_PHASE_STRIP = NO;
				DEBUG_INFORMATION_FORMAT = "dwarf-with-dsym";
				ENABLE_NS_ASSERTIONS = NO;
				ENABLE_STRICT_OBJC_MSGSEND = YES;
				GCC_C_LANGUAGE_STANDARD = gnu11;
				GCC_NO_COMMON_BLOCKS = YES;
				GCC_WARN_64_TO_32_BIT_CONVERSION = YES;
				GCC_WARN_ABOUT_RETURN_TYPE = YES_ERROR;
				GCC_WARN_UNDECLARED_SELECTOR = YES;
				GCC_WARN_UNINITIALIZED_AUTOS = YES_AGGRESSIVE;
				GCC_WARN_UNUSED_FUNCTION = YES;
				GCC_WARN_UNUSED_VARIABLE = YES;
				IPHONEOS_DEPLOYMENT_TARGET = 11.0;
				MTL_ENABLE_DEBUG_INFO = NO;
				SDKROOT = iphoneos;
				SWIFT_OPTIMIZATION_LEVEL = "-Owholemodule";
				VALIDATE_PRODUCT = YES;
			};
			name = Release;
		};
		9BAA941B1F7BDEE1001FEE61 /* Debug */ = {
			isa = XCBuildConfiguration;
			buildSettings = {
				ASSETCATALOG_COMPILER_APPICON_NAME = AppIcon;
				CODE_SIGN_STYLE = Automatic;
				DEVELOPMENT_TEAM = 96SB47X67B;
				INFOPLIST_FILE = FantastiCal/Info.plist;
				LD_RUNPATH_SEARCH_PATHS = "$(inherited) @executable_path/Frameworks";
				PRODUCT_BUNDLE_IDENTIFIER = CraunicProductions.FantastiCal;
				PRODUCT_NAME = "$(TARGET_NAME)";
				SWIFT_VERSION = 4.0;
				TARGETED_DEVICE_FAMILY = "1,2";
			};
			name = Debug;
		};
		9BAA941C1F7BDEE1001FEE61 /* Release */ = {
			isa = XCBuildConfiguration;
			buildSettings = {
				ASSETCATALOG_COMPILER_APPICON_NAME = AppIcon;
				CODE_SIGN_STYLE = Automatic;
				DEVELOPMENT_TEAM = 96SB47X67B;
				INFOPLIST_FILE = FantastiCal/Info.plist;
				LD_RUNPATH_SEARCH_PATHS = "$(inherited) @executable_path/Frameworks";
				PRODUCT_BUNDLE_IDENTIFIER = CraunicProductions.FantastiCal;
				PRODUCT_NAME = "$(TARGET_NAME)";
				SWIFT_VERSION = 4.0;
				TARGETED_DEVICE_FAMILY = "1,2";
			};
			name = Release;
		};
/* End XCBuildConfiguration section */

/* Begin XCConfigurationList section */
		9BAA94001F7BDEE1001FEE61 /* Build configuration list for PBXProject "FantastiCal" */ = {
			isa = XCConfigurationList;
			buildConfigurations = (
				9BAA94181F7BDEE1001FEE61 /* Debug */,
				9BAA94191F7BDEE1001FEE61 /* Release */,
			);
			defaultConfigurationIsVisible = 0;
			defaultConfigurationName = Release;
		};
		9BAA941A1F7BDEE1001FEE61 /* Build configuration list for PBXNativeTarget "FantastiCal" */ = {
			isa = XCConfigurationList;
			buildConfigurations = (
				9BAA941B1F7BDEE1001FEE61 /* Debug */,
				9BAA941C1F7BDEE1001FEE61 /* Release */,
			);
			defaultConfigurationIsVisible = 0;
			defaultConfigurationName = Release;
		};
/* End XCConfigurationList section */

/* Begin XCVersionGroup section */
		9BAA940F1F7BDEE1001FEE61 /* FantastiCal.xcdatamodeld */ = {
			isa = XCVersionGroup;
			children = (
				9BAA94101F7BDEE1001FEE61 /* FantastiCal.xcdatamodel */,
			);
			currentVersion = 9BAA94101F7BDEE1001FEE61 /* FantastiCal.xcdatamodel */;
			path = FantastiCal.xcdatamodeld;
			sourceTree = "<group>";
			versionGroupType = wrapper.xcdatamodel;
		};
/* End XCVersionGroup section */
	};
	rootObject = 9BAA93FD1F7BDEE1001FEE61 /* Project object */;
}
